
Microsoft Visual Studio Solution File, Format Version 12.00
# Visual Studio Version 17
VisualStudioVersion = 17.7.34003.232
MinimumVisualStudioVersion = 10.0.40219.1
Project("{FAE04EC0-301F-11D3-BF4B-00C04F79EFBC}") = "TimeSyncer", "TimeSyncer\TimeSyncer.csproj", "{FCC345A8-0566-4C0F-BCC1-360C7AACB524}"
EndProject
Project("{FAE04EC0-301F-11D3-BF4B-00C04F79EFBC}") = "TimeAdjusterConsole", "TimeAdjusterConsole\TimeAdjusterConsole.csproj", "{373680EF-7573-4896-A45A-F589C3073633}"
EndProject
Global
	GlobalSection(SolutionConfigurationPlatforms) = preSolution
		Debug|Any CPU = Debug|Any CPU
		Release|Any CPU = Release|Any CPU
	EndGlobalSection
	GlobalSection(ProjectConfigurationPlatforms) = postSolution
		{FCC345A8-0566-4C0F-BCC1-360C7AACB524}.Debug|Any CPU.ActiveCfg = Debug|Any CPU
		{FCC345A8-0566-4C0F-BCC1-360C7AACB524}.Debug|Any CPU.Build.0 = Debug|Any CPU
		{FCC345A8-0566-4C0F-BCC1-360C7AACB524}.Release|Any CPU.ActiveCfg = Release|Any CPU
		{FCC345A8-0566-4C0F-BCC1-360C7AACB524}.Release|Any CPU.Build.0 = Release|Any CPU
		{373680EF-7573-4896-A45A-F589C3073633}.Debug|Any CPU.ActiveCfg = Debug|Any CPU
		{373680EF-7573-4896-A45A-F589C3073633}.Debug|Any CPU.Build.0 = Debug|Any CPU
		{373680EF-7573-4896-A45A-F589C3073633}.Release|Any CPU.ActiveCfg = Release|Any CPU
		{373680EF-7573-4896-A45A-F589C3073633}.Release|Any CPU.Build.0 = Release|Any CPU
	EndGlobalSection
	GlobalSection(SolutionProperties) = preSolution
		HideSolutionNode = FALSE
	EndGlobalSection
EndGlobal
